
Microsoft Visual Studio Solution File, Format Version 12.00
# Visual Studio Version 16
VisualStudioVersion = 16.0.31321.278
MinimumVisualStudioVersion = 10.0.40219.1
Project("{FAE04EC0-301F-11D3-BF4B-00C04F79EFBC}") = "ApiRestFull", "ApiRestFull\ApiRestFull.csproj", "{F33AE7A0-0839-465B-8716-84CDA48028F3}"
EndProject
Global
	GlobalSection(SolutionConfigurationPlatforms) = preSolution
		Debug|Any CPU = Debug|Any CPU
		Release|Any CPU = Release|Any CPU
	EndGlobalSection
	GlobalSection(ProjectConfigurationPlatforms) = postSolution
		{F33AE7A0-0839-465B-8716-84CDA48028F3}.Debug|Any CPU.ActiveCfg = Debug|Any CPU
		{F33AE7A0-0839-465B-8716-84CDA48028F3}.Debug|Any CPU.Build.0 = Debug|Any CPU
		{F33AE7A0-0839-465B-8716-84CDA48028F3}.Release|Any CPU.ActiveCfg = Release|Any CPU
		{F33AE7A0-0839-465B-8716-84CDA48028F3}.Release|Any CPU.Build.0 = Release|Any CPU
	EndGlobalSection
	GlobalSection(SolutionProperties) = preSolution
		HideSolutionNode = FALSE
	EndGlobalSection
	GlobalSection(ExtensibilityGlobals) = postSolution
		SolutionGuid = {B33BB611-D8A2-4BE8-AF09-DDA35241421B}
	EndGlobalSection
EndGlobal
